// !$*UTF8*$!
{
	archiveVersion = 1;
	classes = {
	};
	objectVersion = 55;
	objects = {

/* Begin PBXBuildFile section */
		393039D52C1CF3C500DE8681 /* MCIdentificationDeclarationOptions_Internal.h in Headers */ = {isa = PBXBuildFile; fileRef = 393039D42C1CF3C500DE8681 /* MCIdentificationDeclarationOptions_Internal.h */; };
		3938C1ED2C1A1C8D009B2B35 /* MCCommissionerDeclaration_Internal.h in Headers */ = {isa = PBXBuildFile; fileRef = 3938C1EC2C1A1C8D009B2B35 /* MCCommissionerDeclaration_Internal.h */; };
		39589F162B91556B00BE040C /* MCInteractionModelStructs.h in Headers */ = {isa = PBXBuildFile; fileRef = 39589F152B91556B00BE040C /* MCInteractionModelStructs.h */; };
		39589F182B91557700BE040C /* MCInteractionModelStructs.mm in Sources */ = {isa = PBXBuildFile; fileRef = 39589F172B91557700BE040C /* MCInteractionModelStructs.mm */; };
		395BF6AF2C18EC7C00C73CE2 /* MCTargetAppInfo.mm in Sources */ = {isa = PBXBuildFile; fileRef = 395BF6AE2C18EC7C00C73CE2 /* MCTargetAppInfo.mm */; };
		397099D92C2255FE00B34428 /* MCCastingApp_Internal.h in Headers */ = {isa = PBXBuildFile; fileRef = 397099D82C2255FE00B34428 /* MCCastingApp_Internal.h */; };
		399BCE1E2C13CBAD0075AA85 /* MCTargetAppInfo.h in Headers */ = {isa = PBXBuildFile; fileRef = 399BCE1D2C13CBAD0075AA85 /* MCTargetAppInfo.h */; };
		39BF57C52B8CFF790081653C /* MCAttributeObjects.h in Headers */ = {isa = PBXBuildFile; fileRef = 39BF57C42B8CFF790081653C /* MCAttributeObjects.h */; };
		39BF57C72B8CFFB90081653C /* MCAttributeObjects.mm in Sources */ = {isa = PBXBuildFile; fileRef = 39BF57C62B8CFFB90081653C /* MCAttributeObjects.mm */; };
		39BF57C92B8D66540081653C /* NSStringSpanConversion.h in Headers */ = {isa = PBXBuildFile; fileRef = 39BF57C82B8D66540081653C /* NSStringSpanConversion.h */; };
		39BF57CB2B8E54F80081653C /* NSDataSpanConversion.h in Headers */ = {isa = PBXBuildFile; fileRef = 39BF57CA2B8E54F80081653C /* NSDataSpanConversion.h */; };
		39BF57CD2B8FC0EF0081653C /* MCClusterObjects.h in Headers */ = {isa = PBXBuildFile; fileRef = 39BF57CC2B8FC0EF0081653C /* MCClusterObjects.h */; };
		39BF57CF2B8FC1030081653C /* MCClusterObjects.mm in Sources */ = {isa = PBXBuildFile; fileRef = 39BF57CE2B8FC1030081653C /* MCClusterObjects.mm */; };
		39D4D2502B97942D00BF3CFE /* MCCommandObjects.h in Headers */ = {isa = PBXBuildFile; fileRef = 39D4D24F2B97942D00BF3CFE /* MCCommandObjects.h */; };
		39D4D2522B97943D00BF3CFE /* MCCommandObjects.mm in Sources */ = {isa = PBXBuildFile; fileRef = 39D4D2512B97943D00BF3CFE /* MCCommandObjects.mm */; };
		39DB29E92B9A3B1D0071334A /* MCCommandPayloads.h in Headers */ = {isa = PBXBuildFile; fileRef = 39DB29E82B9A3B1D0071334A /* MCCommandPayloads.h */; };
		39DB29EB2B9A3B2D0071334A /* MCCommandPayloads.mm in Sources */ = {isa = PBXBuildFile; fileRef = 39DB29EA2B9A3B2D0071334A /* MCCommandPayloads.mm */; };
		39F589DA2C176EA4000AAADD /* MCIdentificationDeclarationOptions.h in Headers */ = {isa = PBXBuildFile; fileRef = 39F589D92C176EA4000AAADD /* MCIdentificationDeclarationOptions.h */; };
		39F589DC2C176EC0000AAADD /* MCIdentificationDeclarationOptions.mm in Sources */ = {isa = PBXBuildFile; fileRef = 39F589DB2C176EC0000AAADD /* MCIdentificationDeclarationOptions.mm */; };
		39F589DE2C1781C8000AAADD /* MCCommissionerDeclaration.h in Headers */ = {isa = PBXBuildFile; fileRef = 39F589DD2C1781C8000AAADD /* MCCommissionerDeclaration.h */; };
		39F589E02C1781E4000AAADD /* MCCommissionerDeclaration.mm in Sources */ = {isa = PBXBuildFile; fileRef = 39F589DF2C1781E4000AAADD /* MCCommissionerDeclaration.mm */; };
		39F589E22C179A09000AAADD /* MCConnectionCallbacks.h in Headers */ = {isa = PBXBuildFile; fileRef = 39F589E12C179A09000AAADD /* MCConnectionCallbacks.h */; };
		39F589E42C179A18000AAADD /* MCConnectionCallbacks.mm in Sources */ = {isa = PBXBuildFile; fileRef = 39F589E32C179A18000AAADD /* MCConnectionCallbacks.mm */; };
		3C0474062B3F7E5F0012AE95 /* MCEndpointFilter.h in Headers */ = {isa = PBXBuildFile; fileRef = 3C0474052B3F7E5F0012AE95 /* MCEndpointFilter.h */; };
		3C04740C2B4604CF0012AE95 /* MCCryptoUtils.h in Headers */ = {isa = PBXBuildFile; fileRef = 3C04740B2B4604CF0012AE95 /* MCCryptoUtils.h */; };
		3C04740E2B4605B40012AE95 /* MCCryptoUtils.mm in Sources */ = {isa = PBXBuildFile; fileRef = 3C04740D2B4605B40012AE95 /* MCCryptoUtils.mm */; };
		3C2346212B362B4F00FA276E /* MCCastingPlayer.h in Headers */ = {isa = PBXBuildFile; fileRef = 3C2346202B362B4F00FA276E /* MCCastingPlayer.h */; };
		3C2346232B362B9500FA276E /* MCCastingPlayerDiscovery.h in Headers */ = {isa = PBXBuildFile; fileRef = 3C2346222B362B9500FA276E /* MCCastingPlayerDiscovery.h */; };
		3C2346252B362BBB00FA276E /* MCCastingPlayerDiscovery.mm in Sources */ = {isa = PBXBuildFile; fileRef = 3C2346242B362BBB00FA276E /* MCCastingPlayerDiscovery.mm */; };
		3C2696FB2B4A5FC50026E771 /* MCEndpointFilter.m in Sources */ = {isa = PBXBuildFile; fileRef = 3C2696FA2B4A5FC50026E771 /* MCEndpointFilter.m */; };
		3C26AC9329282B8100BA6881 /* DeviceAttestationCredentialsHolder.m in Sources */ = {isa = PBXBuildFile; fileRef = 3C26AC9229282B8100BA6881 /* DeviceAttestationCredentialsHolder.m */; };
		3C4AE650286A7D4D005B52A4 /* OnboardingPayload.m in Sources */ = {isa = PBXBuildFile; fileRef = 3C4AE64F286A7D4D005B52A4 /* OnboardingPayload.m */; };
		3C4E53B028E4F28100F293E8 /* MediaPlaybackTypes.mm in Sources */ = {isa = PBXBuildFile; fileRef = 3C4E53AF28E4F28100F293E8 /* MediaPlaybackTypes.mm */; };
		3C4E53B228E5184C00F293E8 /* TargetNavigatorTypes.mm in Sources */ = {isa = PBXBuildFile; fileRef = 3C4E53B128E5184C00F293E8 /* TargetNavigatorTypes.mm */; };
		3C4E53B628E5595A00F293E8 /* ContentLauncherTypes.mm in Sources */ = {isa = PBXBuildFile; fileRef = 3C4E53B528E5595A00F293E8 /* ContentLauncherTypes.mm */; };
		3C4F52102B4E18C800BB8A10 /* MCEndpoint.h in Headers */ = {isa = PBXBuildFile; fileRef = 3C4F520F2B4E18C800BB8A10 /* MCEndpoint.h */; };
		3C4F52122B4E18ED00BB8A10 /* MCEndpoint.mm in Sources */ = {isa = PBXBuildFile; fileRef = 3C4F52112B4E18ED00BB8A10 /* MCEndpoint.mm */; };
		3C4F52142B4F31DC00BB8A10 /* MCDeviceTypeStruct.h in Headers */ = {isa = PBXBuildFile; fileRef = 3C4F52132B4F31DC00BB8A10 /* MCDeviceTypeStruct.h */; };
		3C4F52162B4F31FA00BB8A10 /* MCDeviceTypeStruct.m in Sources */ = {isa = PBXBuildFile; fileRef = 3C4F52152B4F31FA00BB8A10 /* MCDeviceTypeStruct.m */; };
		3C4F521C2B4F4B1B00BB8A10 /* MCCastingPlayer_Internal.h in Headers */ = {isa = PBXBuildFile; fileRef = 3C4F521B2B4F4B1B00BB8A10 /* MCCastingPlayer_Internal.h */; };
		3C4F521E2B4F4B3B00BB8A10 /* MCEndpoint_Internal.h in Headers */ = {isa = PBXBuildFile; fileRef = 3C4F521D2B4F4B3B00BB8A10 /* MCEndpoint_Internal.h */; };
		3C4F52202B507C4A00BB8A10 /* MCEndpointClusterType.h in Headers */ = {isa = PBXBuildFile; fileRef = 3C4F521F2B507C4A00BB8A10 /* MCEndpointClusterType.h */; };
		3C4F52222B507C9300BB8A10 /* MCCluster.h in Headers */ = {isa = PBXBuildFile; fileRef = 3C4F52212B507C9300BB8A10 /* MCCluster.h */; };
		3C4F52242B507CA800BB8A10 /* MCCluster.mm in Sources */ = {isa = PBXBuildFile; fileRef = 3C4F52232B507CA800BB8A10 /* MCCluster.mm */; };
		3C4F52262B50899700BB8A10 /* MCCluster_Internal.h in Headers */ = {isa = PBXBuildFile; fileRef = 3C4F52252B50899700BB8A10 /* MCCluster_Internal.h */; };
		3C4F52282B51DB3000BB8A10 /* MCCommand.h in Headers */ = {isa = PBXBuildFile; fileRef = 3C4F52272B51DB3000BB8A10 /* MCCommand.h */; };
		3C4F522A2B51DFAE00BB8A10 /* MCCommand_Internal.h in Headers */ = {isa = PBXBuildFile; fileRef = 3C4F52292B51DFAE00BB8A10 /* MCCommand_Internal.h */; };
		3C4F522C2B51E02800BB8A10 /* MCCommand.mm in Sources */ = {isa = PBXBuildFile; fileRef = 3C4F522B2B51E02800BB8A10 /* MCCommand.mm */; };
		3C621CA52B605A6A005CDBA3 /* MCAttribute.h in Headers */ = {isa = PBXBuildFile; fileRef = 3C621CA42B605A6A005CDBA3 /* MCAttribute.h */; };
		3C621CA92B605C52005CDBA3 /* MCAttribute_Internal.h in Headers */ = {isa = PBXBuildFile; fileRef = 3C621CA82B605C52005CDBA3 /* MCAttribute_Internal.h */; };
		3C621CAB2B605C6E005CDBA3 /* MCAttribute.mm in Sources */ = {isa = PBXBuildFile; fileRef = 3C621CAA2B605C6E005CDBA3 /* MCAttribute.mm */; };
		3C66FBFC290327BB00B63FE7 /* AppParameters.mm in Sources */ = {isa = PBXBuildFile; fileRef = 3C66FBFB290327BB00B63FE7 /* AppParameters.mm */; };
		3C6920462AA1093300D0F613 /* MCDeviceAttestationCredentialsProvider.h in Headers */ = {isa = PBXBuildFile; fileRef = 3C6920452AA1093300D0F613 /* MCDeviceAttestationCredentialsProvider.h */; };
		3C6920482AA1094000D0F613 /* MCDeviceAttestationCredentialsProvider.mm in Sources */ = {isa = PBXBuildFile; fileRef = 3C6920472AA1094000D0F613 /* MCDeviceAttestationCredentialsProvider.mm */; };
		3C69204C2AA136BA00D0F613 /* MCCommonCaseDeviceServerInitParamsProvider.h in Headers */ = {isa = PBXBuildFile; fileRef = 3C69204B2AA136BA00D0F613 /* MCCommonCaseDeviceServerInitParamsProvider.h */; };
		3C81C74C28F7A777001CB9D1 /* ContentApp.mm in Sources */ = {isa = PBXBuildFile; fileRef = 3C81C74B28F7A777001CB9D1 /* ContentApp.mm */; };
		3C81C75028F7A7D3001CB9D1 /* VideoPlayer.m in Sources */ = {isa = PBXBuildFile; fileRef = 3C81C74F28F7A7D3001CB9D1 /* VideoPlayer.m */; };
		3C9437922B3B478E0096E5F4 /* MCErrorUtils.h in Headers */ = {isa = PBXBuildFile; fileRef = 3C9437912B3B478E0096E5F4 /* MCErrorUtils.h */; };
		3C9437942B3B47A10096E5F4 /* MCErrorUtils.mm in Sources */ = {isa = PBXBuildFile; fileRef = 3C9437932B3B47A10096E5F4 /* MCErrorUtils.mm */; };
		3C996C272BD31FEA0027BD8A /* DataSourceCompat.mm in Sources */ = {isa = PBXBuildFile; fileRef = 3C996C262BD31FEA0027BD8A /* DataSourceCompat.mm */; };
		3C996C2B2BD6F4960027BD8A /* CastingPlayerDiscoveryListenerCompat.mm in Sources */ = {isa = PBXBuildFile; fileRef = 3C996C2A2BD6F4950027BD8A /* CastingPlayerDiscoveryListenerCompat.mm */; };
		3CC3979E2BE9857C00465462 /* MCCastingPlayer.mm in Sources */ = {isa = PBXBuildFile; fileRef = 3C9437882B364F5E0096E5F4 /* MCCastingPlayer.mm */; };
		3CCB87212869085400771BAD /* MatterTvCastingBridge.h in Headers */ = {isa = PBXBuildFile; fileRef = 3CCB87202869085400771BAD /* MatterTvCastingBridge.h */; settings = {ATTRIBUTES = (Public, ); }; };
		3CCB8737286A555500771BAD /* libTvCastingCommon.a in Frameworks */ = {isa = PBXBuildFile; fileRef = 3CCB8735286A555500771BAD /* libTvCastingCommon.a */; };
		3CCB873F286A593700771BAD /* DiscoveredNodeData.mm in Sources */ = {isa = PBXBuildFile; fileRef = 3CCB8739286A593700771BAD /* DiscoveredNodeData.mm */; };
		3CCB8740286A593700771BAD /* CastingServerBridge.h in Headers */ = {isa = PBXBuildFile; fileRef = 3CCB873A286A593700771BAD /* CastingServerBridge.h */; };
		3CCB8741286A593700771BAD /* DiscoveredNodeData.h in Headers */ = {isa = PBXBuildFile; fileRef = 3CCB873B286A593700771BAD /* DiscoveredNodeData.h */; };
		3CCB8743286A593700771BAD /* CastingServerBridge.mm in Sources */ = {isa = PBXBuildFile; fileRef = 3CCB873D286A593700771BAD /* CastingServerBridge.mm */; };
		3CD73F172A9E6884009D82D1 /* MCRotatingDeviceIdUniqueIdProvider.h in Headers */ = {isa = PBXBuildFile; fileRef = 3CD73F162A9E6884009D82D1 /* MCRotatingDeviceIdUniqueIdProvider.h */; };
		3CD73F192A9E68A7009D82D1 /* MCRotatingDeviceIdUniqueIdProvider.mm in Sources */ = {isa = PBXBuildFile; fileRef = 3CD73F182A9E68A7009D82D1 /* MCRotatingDeviceIdUniqueIdProvider.mm */; };
		3CD73F1C2A9E8396009D82D1 /* MCCommissionableDataProvider.h in Headers */ = {isa = PBXBuildFile; fileRef = 3CD73F1B2A9E8396009D82D1 /* MCCommissionableDataProvider.h */; };
		3CD73F1E2A9E83C1009D82D1 /* MCCommissionableDataProvider.mm in Sources */ = {isa = PBXBuildFile; fileRef = 3CD73F1D2A9E83C1009D82D1 /* MCCommissionableDataProvider.mm */; };
		3CD73F202A9EA060009D82D1 /* MCDeviceAttestationCredentials.h in Headers */ = {isa = PBXBuildFile; fileRef = 3CD73F1F2A9EA060009D82D1 /* MCDeviceAttestationCredentials.h */; };
		3CD73F222A9EA078009D82D1 /* MCDeviceAttestationCredentials.mm in Sources */ = {isa = PBXBuildFile; fileRef = 3CD73F212A9EA077009D82D1 /* MCDeviceAttestationCredentials.mm */; };
		3CE5ECCE2A673B30007CF331 /* CommissioningCallbackHandlers.h in Headers */ = {isa = PBXBuildFile; fileRef = 3CE5ECCD2A673B30007CF331 /* CommissioningCallbackHandlers.h */; };
		3CE5ECD02A673E2C007CF331 /* CommissioningCallbackHandlers.m in Sources */ = {isa = PBXBuildFile; fileRef = 3CE5ECCF2A673E2C007CF331 /* CommissioningCallbackHandlers.m */; };
		3CF71C0A2A992D0D003A5CE5 /* MCCastingApp.h in Headers */ = {isa = PBXBuildFile; fileRef = 3CF71C092A992D0D003A5CE5 /* MCCastingApp.h */; };
		3CF71C0C2A992D25003A5CE5 /* MCCastingApp.mm in Sources */ = {isa = PBXBuildFile; fileRef = 3CF71C0B2A992D25003A5CE5 /* MCCastingApp.mm */; };
		3CF71C0E2A992DA2003A5CE5 /* MCDataSource.h in Headers */ = {isa = PBXBuildFile; fileRef = 3CF71C0D2A992DA2003A5CE5 /* MCDataSource.h */; };
		3CF71C102A99312D003A5CE5 /* MCCommissionableData.h in Headers */ = {isa = PBXBuildFile; fileRef = 3CF71C0F2A99312D003A5CE5 /* MCCommissionableData.h */; };
		3CF71C122A993298003A5CE5 /* MCCommissionableData.mm in Sources */ = {isa = PBXBuildFile; fileRef = 3CF71C112A993298003A5CE5 /* MCCommissionableData.mm */; };
		3CF8532728E37F1000F07B9F /* MatterError.mm in Sources */ = {isa = PBXBuildFile; fileRef = 3CF8532628E37F1000F07B9F /* MatterError.mm */; };
/* End PBXBuildFile section */

/* Begin PBXFileReference section */
		393039D42C1CF3C500DE8681 /* MCIdentificationDeclarationOptions_Internal.h */ = {isa = PBXFileReference; lastKnownFileType = sourcecode.c.h; path = MCIdentificationDeclarationOptions_Internal.h; sourceTree = "<group>"; };
		3938C1EC2C1A1C8D009B2B35 /* MCCommissionerDeclaration_Internal.h */ = {isa = PBXFileReference; lastKnownFileType = sourcecode.c.h; path = MCCommissionerDeclaration_Internal.h; sourceTree = "<group>"; };
		39589F152B91556B00BE040C /* MCInteractionModelStructs.h */ = {isa = PBXFileReference; lastKnownFileType = sourcecode.c.h; path = MCInteractionModelStructs.h; sourceTree = "<group>"; };
		39589F172B91557700BE040C /* MCInteractionModelStructs.mm */ = {isa = PBXFileReference; lastKnownFileType = sourcecode.cpp.objcpp; path = MCInteractionModelStructs.mm; sourceTree = "<group>"; };
		395BF6AE2C18EC7C00C73CE2 /* MCTargetAppInfo.mm */ = {isa = PBXFileReference; lastKnownFileType = sourcecode.cpp.objcpp; path = MCTargetAppInfo.mm; sourceTree = "<group>"; };
		397099D82C2255FE00B34428 /* MCCastingApp_Internal.h */ = {isa = PBXFileReference; lastKnownFileType = sourcecode.c.h; path = MCCastingApp_Internal.h; sourceTree = "<group>"; };
		399049A62B9FC4ED000C91F0 /* MCCommandPayloads_Internal.h */ = {isa = PBXFileReference; lastKnownFileType = sourcecode.c.h; path = MCCommandPayloads_Internal.h; sourceTree = "<group>"; };
		399BCE1D2C13CBAD0075AA85 /* MCTargetAppInfo.h */ = {isa = PBXFileReference; lastKnownFileType = sourcecode.c.h; path = MCTargetAppInfo.h; sourceTree = "<group>"; };
		39BF57C42B8CFF790081653C /* MCAttributeObjects.h */ = {isa = PBXFileReference; lastKnownFileType = sourcecode.c.h; path = MCAttributeObjects.h; sourceTree = "<group>"; };
		39BF57C62B8CFFB90081653C /* MCAttributeObjects.mm */ = {isa = PBXFileReference; lastKnownFileType = sourcecode.cpp.objcpp; path = MCAttributeObjects.mm; sourceTree = "<group>"; };
		39BF57C82B8D66540081653C /* NSStringSpanConversion.h */ = {isa = PBXFileReference; lastKnownFileType = sourcecode.c.h; path = NSStringSpanConversion.h; sourceTree = "<group>"; };
		39BF57CA2B8E54F80081653C /* NSDataSpanConversion.h */ = {isa = PBXFileReference; lastKnownFileType = sourcecode.c.h; path = NSDataSpanConversion.h; sourceTree = "<group>"; };
		39BF57CC2B8FC0EF0081653C /* MCClusterObjects.h */ = {isa = PBXFileReference; lastKnownFileType = sourcecode.c.h; path = MCClusterObjects.h; sourceTree = "<group>"; };
		39BF57CE2B8FC1030081653C /* MCClusterObjects.mm */ = {isa = PBXFileReference; lastKnownFileType = sourcecode.cpp.objcpp; path = MCClusterObjects.mm; sourceTree = "<group>"; };
		39D4D24F2B97942D00BF3CFE /* MCCommandObjects.h */ = {isa = PBXFileReference; lastKnownFileType = sourcecode.c.h; path = MCCommandObjects.h; sourceTree = "<group>"; };
		39D4D2512B97943D00BF3CFE /* MCCommandObjects.mm */ = {isa = PBXFileReference; lastKnownFileType = sourcecode.cpp.objcpp; path = MCCommandObjects.mm; sourceTree = "<group>"; };
		39DB29E82B9A3B1D0071334A /* MCCommandPayloads.h */ = {isa = PBXFileReference; lastKnownFileType = sourcecode.c.h; path = MCCommandPayloads.h; sourceTree = "<group>"; };
		39DB29EA2B9A3B2D0071334A /* MCCommandPayloads.mm */ = {isa = PBXFileReference; lastKnownFileType = sourcecode.cpp.objcpp; path = MCCommandPayloads.mm; sourceTree = "<group>"; };
		39F589D92C176EA4000AAADD /* MCIdentificationDeclarationOptions.h */ = {isa = PBXFileReference; lastKnownFileType = sourcecode.c.h; path = MCIdentificationDeclarationOptions.h; sourceTree = "<group>"; };
		39F589DB2C176EC0000AAADD /* MCIdentificationDeclarationOptions.mm */ = {isa = PBXFileReference; lastKnownFileType = sourcecode.cpp.objcpp; path = MCIdentificationDeclarationOptions.mm; sourceTree = "<group>"; };
		39F589DD2C1781C8000AAADD /* MCCommissionerDeclaration.h */ = {isa = PBXFileReference; lastKnownFileType = sourcecode.c.h; path = MCCommissionerDeclaration.h; sourceTree = "<group>"; };
		39F589DF2C1781E4000AAADD /* MCCommissionerDeclaration.mm */ = {isa = PBXFileReference; lastKnownFileType = sourcecode.cpp.objcpp; path = MCCommissionerDeclaration.mm; sourceTree = "<group>"; };
		39F589E12C179A09000AAADD /* MCConnectionCallbacks.h */ = {isa = PBXFileReference; lastKnownFileType = sourcecode.c.h; path = MCConnectionCallbacks.h; sourceTree = "<group>"; };
		39F589E32C179A18000AAADD /* MCConnectionCallbacks.mm */ = {isa = PBXFileReference; lastKnownFileType = sourcecode.cpp.objcpp; path = MCConnectionCallbacks.mm; sourceTree = "<group>"; };
		3C0474052B3F7E5F0012AE95 /* MCEndpointFilter.h */ = {isa = PBXFileReference; lastKnownFileType = sourcecode.c.h; path = MCEndpointFilter.h; sourceTree = "<group>"; };
		3C04740B2B4604CF0012AE95 /* MCCryptoUtils.h */ = {isa = PBXFileReference; lastKnownFileType = sourcecode.c.h; path = MCCryptoUtils.h; sourceTree = "<group>"; };
		3C04740D2B4605B40012AE95 /* MCCryptoUtils.mm */ = {isa = PBXFileReference; lastKnownFileType = sourcecode.cpp.objcpp; path = MCCryptoUtils.mm; sourceTree = "<group>"; };
		3C2346202B362B4F00FA276E /* MCCastingPlayer.h */ = {isa = PBXFileReference; lastKnownFileType = sourcecode.c.h; path = MCCastingPlayer.h; sourceTree = "<group>"; };
		3C2346222B362B9500FA276E /* MCCastingPlayerDiscovery.h */ = {isa = PBXFileReference; lastKnownFileType = sourcecode.c.h; path = MCCastingPlayerDiscovery.h; sourceTree = "<group>"; };
		3C2346242B362BBB00FA276E /* MCCastingPlayerDiscovery.mm */ = {isa = PBXFileReference; lastKnownFileType = sourcecode.cpp.objcpp; path = MCCastingPlayerDiscovery.mm; sourceTree = "<group>"; };
		3C2696FA2B4A5FC50026E771 /* MCEndpointFilter.m */ = {isa = PBXFileReference; lastKnownFileType = sourcecode.c.objc; path = MCEndpointFilter.m; sourceTree = "<group>"; };
		3C26AC91292700AD00BA6881 /* DeviceAttestationCredentialsHolder.h */ = {isa = PBXFileReference; lastKnownFileType = sourcecode.c.h; path = DeviceAttestationCredentialsHolder.h; sourceTree = "<group>"; };
		3C26AC9229282B8100BA6881 /* DeviceAttestationCredentialsHolder.m */ = {isa = PBXFileReference; lastKnownFileType = sourcecode.c.objc; path = DeviceAttestationCredentialsHolder.m; sourceTree = "<group>"; };
		3C4AE64E286A7D40005B52A4 /* OnboardingPayload.h */ = {isa = PBXFileReference; lastKnownFileType = sourcecode.c.h; path = OnboardingPayload.h; sourceTree = "<group>"; };
		3C4AE64F286A7D4D005B52A4 /* OnboardingPayload.m */ = {isa = PBXFileReference; lastKnownFileType = sourcecode.c.objc; path = OnboardingPayload.m; sourceTree = "<group>"; };
		3C4E53AF28E4F28100F293E8 /* MediaPlaybackTypes.mm */ = {isa = PBXFileReference; lastKnownFileType = sourcecode.cpp.objcpp; path = MediaPlaybackTypes.mm; sourceTree = "<group>"; };
		3C4E53B128E5184C00F293E8 /* TargetNavigatorTypes.mm */ = {isa = PBXFileReference; lastKnownFileType = sourcecode.cpp.objcpp; path = TargetNavigatorTypes.mm; sourceTree = "<group>"; };
		3C4E53B328E5185F00F293E8 /* TargetNavigatorTypes.h */ = {isa = PBXFileReference; lastKnownFileType = sourcecode.c.h; path = TargetNavigatorTypes.h; sourceTree = "<group>"; };
		3C4E53B428E5593700F293E8 /* ContentLauncherTypes.h */ = {isa = PBXFileReference; lastKnownFileType = sourcecode.c.h; path = ContentLauncherTypes.h; sourceTree = "<group>"; };
		3C4E53B528E5595A00F293E8 /* ContentLauncherTypes.mm */ = {isa = PBXFileReference; lastKnownFileType = sourcecode.cpp.objcpp; path = ContentLauncherTypes.mm; sourceTree = "<group>"; };
		3C4F520F2B4E18C800BB8A10 /* MCEndpoint.h */ = {isa = PBXFileReference; lastKnownFileType = sourcecode.c.h; path = MCEndpoint.h; sourceTree = "<group>"; };
		3C4F52112B4E18ED00BB8A10 /* MCEndpoint.mm */ = {isa = PBXFileReference; lastKnownFileType = sourcecode.cpp.objcpp; path = MCEndpoint.mm; sourceTree = "<group>"; };
		3C4F52132B4F31DC00BB8A10 /* MCDeviceTypeStruct.h */ = {isa = PBXFileReference; lastKnownFileType = sourcecode.c.h; path = MCDeviceTypeStruct.h; sourceTree = "<group>"; };
		3C4F52152B4F31FA00BB8A10 /* MCDeviceTypeStruct.m */ = {isa = PBXFileReference; lastKnownFileType = sourcecode.c.objc; path = MCDeviceTypeStruct.m; sourceTree = "<group>"; };
		3C4F521B2B4F4B1B00BB8A10 /* MCCastingPlayer_Internal.h */ = {isa = PBXFileReference; lastKnownFileType = sourcecode.c.h; path = MCCastingPlayer_Internal.h; sourceTree = "<group>"; };
		3C4F521D2B4F4B3B00BB8A10 /* MCEndpoint_Internal.h */ = {isa = PBXFileReference; lastKnownFileType = sourcecode.c.h; path = MCEndpoint_Internal.h; sourceTree = "<group>"; };
		3C4F521F2B507C4A00BB8A10 /* MCEndpointClusterType.h */ = {isa = PBXFileReference; lastKnownFileType = sourcecode.c.h; path = MCEndpointClusterType.h; sourceTree = "<group>"; };
		3C4F52212B507C9300BB8A10 /* MCCluster.h */ = {isa = PBXFileReference; lastKnownFileType = sourcecode.c.h; path = MCCluster.h; sourceTree = "<group>"; };
		3C4F52232B507CA800BB8A10 /* MCCluster.mm */ = {isa = PBXFileReference; lastKnownFileType = sourcecode.cpp.objcpp; path = MCCluster.mm; sourceTree = "<group>"; };
		3C4F52252B50899700BB8A10 /* MCCluster_Internal.h */ = {isa = PBXFileReference; lastKnownFileType = sourcecode.c.h; path = MCCluster_Internal.h; sourceTree = "<group>"; };
		3C4F52272B51DB3000BB8A10 /* MCCommand.h */ = {isa = PBXFileReference; lastKnownFileType = sourcecode.c.h; path = MCCommand.h; sourceTree = "<group>"; };
		3C4F52292B51DFAE00BB8A10 /* MCCommand_Internal.h */ = {isa = PBXFileReference; lastKnownFileType = sourcecode.c.h; path = MCCommand_Internal.h; sourceTree = "<group>"; };
		3C4F522B2B51E02800BB8A10 /* MCCommand.mm */ = {isa = PBXFileReference; lastKnownFileType = sourcecode.cpp.objcpp; path = MCCommand.mm; sourceTree = "<group>"; };
		3C621CA42B605A6A005CDBA3 /* MCAttribute.h */ = {isa = PBXFileReference; lastKnownFileType = sourcecode.c.h; path = MCAttribute.h; sourceTree = "<group>"; };
		3C621CA82B605C52005CDBA3 /* MCAttribute_Internal.h */ = {isa = PBXFileReference; lastKnownFileType = sourcecode.c.h; path = MCAttribute_Internal.h; sourceTree = "<group>"; };
		3C621CAA2B605C6E005CDBA3 /* MCAttribute.mm */ = {isa = PBXFileReference; lastKnownFileType = sourcecode.cpp.objcpp; path = MCAttribute.mm; sourceTree = "<group>"; };
		3C66FBFA2903279A00B63FE7 /* AppParameters.h */ = {isa = PBXFileReference; lastKnownFileType = sourcecode.c.h; path = AppParameters.h; sourceTree = "<group>"; };
		3C66FBFB290327BB00B63FE7 /* AppParameters.mm */ = {isa = PBXFileReference; lastKnownFileType = sourcecode.cpp.objcpp; path = AppParameters.mm; sourceTree = "<group>"; };
		3C6920452AA1093300D0F613 /* MCDeviceAttestationCredentialsProvider.h */ = {isa = PBXFileReference; lastKnownFileType = sourcecode.c.h; path = MCDeviceAttestationCredentialsProvider.h; sourceTree = "<group>"; };
		3C6920472AA1094000D0F613 /* MCDeviceAttestationCredentialsProvider.mm */ = {isa = PBXFileReference; lastKnownFileType = sourcecode.cpp.objcpp; path = MCDeviceAttestationCredentialsProvider.mm; sourceTree = "<group>"; };
		3C69204B2AA136BA00D0F613 /* MCCommonCaseDeviceServerInitParamsProvider.h */ = {isa = PBXFileReference; lastKnownFileType = sourcecode.c.h; path = MCCommonCaseDeviceServerInitParamsProvider.h; sourceTree = "<group>"; };
		3C81C74B28F7A777001CB9D1 /* ContentApp.mm */ = {isa = PBXFileReference; lastKnownFileType = sourcecode.cpp.objcpp; path = ContentApp.mm; sourceTree = "<group>"; };
		3C81C74E28F7A7AE001CB9D1 /* ContentApp.h */ = {isa = PBXFileReference; lastKnownFileType = sourcecode.c.h; path = ContentApp.h; sourceTree = "<group>"; };
		3C81C74F28F7A7D3001CB9D1 /* VideoPlayer.m */ = {isa = PBXFileReference; lastKnownFileType = sourcecode.c.objc; path = VideoPlayer.m; sourceTree = "<group>"; };
		3C81C75128F7A7DF001CB9D1 /* VideoPlayer.h */ = {isa = PBXFileReference; lastKnownFileType = sourcecode.c.h; path = VideoPlayer.h; sourceTree = "<group>"; };
		3C9437882B364F5E0096E5F4 /* MCCastingPlayer.mm */ = {isa = PBXFileReference; lastKnownFileType = sourcecode.cpp.objcpp; path = MCCastingPlayer.mm; sourceTree = "<group>"; };
		3C9437912B3B478E0096E5F4 /* MCErrorUtils.h */ = {isa = PBXFileReference; lastKnownFileType = sourcecode.c.h; path = MCErrorUtils.h; sourceTree = "<group>"; };
		3C9437932B3B47A10096E5F4 /* MCErrorUtils.mm */ = {isa = PBXFileReference; lastKnownFileType = sourcecode.cpp.objcpp; path = MCErrorUtils.mm; sourceTree = "<group>"; };
		3C996C252BD31FD60027BD8A /* DataSourceCompat.h */ = {isa = PBXFileReference; lastKnownFileType = sourcecode.c.h; path = DataSourceCompat.h; sourceTree = "<group>"; };
		3C996C262BD31FEA0027BD8A /* DataSourceCompat.mm */ = {isa = PBXFileReference; lastKnownFileType = sourcecode.cpp.objcpp; path = DataSourceCompat.mm; sourceTree = "<group>"; };
		3C996C292BD6F4800027BD8A /* CastingPlayerDiscoveryListenerCompat.h */ = {isa = PBXFileReference; lastKnownFileType = sourcecode.c.h; path = CastingPlayerDiscoveryListenerCompat.h; sourceTree = "<group>"; };
		3C996C2A2BD6F4950027BD8A /* CastingPlayerDiscoveryListenerCompat.mm */ = {isa = PBXFileReference; lastKnownFileType = sourcecode.cpp.objcpp; path = CastingPlayerDiscoveryListenerCompat.mm; sourceTree = "<group>"; };
		3CA1CA7728E243750023ED44 /* MediaPlaybackTypes.h */ = {isa = PBXFileReference; lastKnownFileType = sourcecode.c.h; path = MediaPlaybackTypes.h; sourceTree = "<group>"; };
		3CCB871D2869085400771BAD /* MatterTvCastingBridge.framework */ = {isa = PBXFileReference; explicitFileType = wrapper.framework; includeInIndex = 0; path = MatterTvCastingBridge.framework; sourceTree = BUILT_PRODUCTS_DIR; };
		3CCB87202869085400771BAD /* MatterTvCastingBridge.h */ = {isa = PBXFileReference; lastKnownFileType = sourcecode.c.h; path = MatterTvCastingBridge.h; sourceTree = "<group>"; };
		3CCB8735286A555500771BAD /* libTvCastingCommon.a */ = {isa = PBXFileReference; lastKnownFileType = archive.ar; name = libTvCastingCommon.a; path = lib/libTvCastingCommon.a; sourceTree = BUILT_PRODUCTS_DIR; };
		3CCB8739286A593700771BAD /* DiscoveredNodeData.mm */ = {isa = PBXFileReference; fileEncoding = 4; lastKnownFileType = sourcecode.cpp.objcpp; path = DiscoveredNodeData.mm; sourceTree = "<group>"; };
		3CCB873A286A593700771BAD /* CastingServerBridge.h */ = {isa = PBXFileReference; fileEncoding = 4; lastKnownFileType = sourcecode.c.h; path = CastingServerBridge.h; sourceTree = "<group>"; };
		3CCB873B286A593700771BAD /* DiscoveredNodeData.h */ = {isa = PBXFileReference; fileEncoding = 4; lastKnownFileType = sourcecode.c.h; path = DiscoveredNodeData.h; sourceTree = "<group>"; };
		3CCB873D286A593700771BAD /* CastingServerBridge.mm */ = {isa = PBXFileReference; fileEncoding = 4; lastKnownFileType = sourcecode.cpp.objcpp; path = CastingServerBridge.mm; sourceTree = "<group>"; };
		3CD73F162A9E6884009D82D1 /* MCRotatingDeviceIdUniqueIdProvider.h */ = {isa = PBXFileReference; lastKnownFileType = sourcecode.c.h; path = MCRotatingDeviceIdUniqueIdProvider.h; sourceTree = "<group>"; };
		3CD73F182A9E68A7009D82D1 /* MCRotatingDeviceIdUniqueIdProvider.mm */ = {isa = PBXFileReference; lastKnownFileType = sourcecode.cpp.objcpp; path = MCRotatingDeviceIdUniqueIdProvider.mm; sourceTree = "<group>"; };
		3CD73F1B2A9E8396009D82D1 /* MCCommissionableDataProvider.h */ = {isa = PBXFileReference; lastKnownFileType = sourcecode.c.h; path = MCCommissionableDataProvider.h; sourceTree = "<group>"; };
		3CD73F1D2A9E83C1009D82D1 /* MCCommissionableDataProvider.mm */ = {isa = PBXFileReference; lastKnownFileType = sourcecode.cpp.objcpp; path = MCCommissionableDataProvider.mm; sourceTree = "<group>"; };
		3CD73F1F2A9EA060009D82D1 /* MCDeviceAttestationCredentials.h */ = {isa = PBXFileReference; lastKnownFileType = sourcecode.c.h; path = MCDeviceAttestationCredentials.h; sourceTree = "<group>"; };
		3CD73F212A9EA077009D82D1 /* MCDeviceAttestationCredentials.mm */ = {isa = PBXFileReference; lastKnownFileType = sourcecode.cpp.objcpp; path = MCDeviceAttestationCredentials.mm; sourceTree = "<group>"; };
		3CE5ECCD2A673B30007CF331 /* CommissioningCallbackHandlers.h */ = {isa = PBXFileReference; lastKnownFileType = sourcecode.c.h; path = CommissioningCallbackHandlers.h; sourceTree = "<group>"; };
		3CE5ECCF2A673E2C007CF331 /* CommissioningCallbackHandlers.m */ = {isa = PBXFileReference; lastKnownFileType = sourcecode.c.objc; path = CommissioningCallbackHandlers.m; sourceTree = "<group>"; };
		3CF71C092A992D0D003A5CE5 /* MCCastingApp.h */ = {isa = PBXFileReference; lastKnownFileType = sourcecode.c.h; path = MCCastingApp.h; sourceTree = "<group>"; };
		3CF71C0B2A992D25003A5CE5 /* MCCastingApp.mm */ = {isa = PBXFileReference; lastKnownFileType = sourcecode.cpp.objcpp; path = MCCastingApp.mm; sourceTree = "<group>"; };
		3CF71C0D2A992DA2003A5CE5 /* MCDataSource.h */ = {isa = PBXFileReference; lastKnownFileType = sourcecode.c.h; path = MCDataSource.h; sourceTree = "<group>"; };
		3CF71C0F2A99312D003A5CE5 /* MCCommissionableData.h */ = {isa = PBXFileReference; lastKnownFileType = sourcecode.c.h; path = MCCommissionableData.h; sourceTree = "<group>"; };
		3CF71C112A993298003A5CE5 /* MCCommissionableData.mm */ = {isa = PBXFileReference; lastKnownFileType = sourcecode.cpp.objcpp; path = MCCommissionableData.mm; sourceTree = "<group>"; };
		3CF8532528E37ED800F07B9F /* MatterError.h */ = {isa = PBXFileReference; lastKnownFileType = sourcecode.c.h; path = MatterError.h; sourceTree = "<group>"; };
		3CF8532628E37F1000F07B9F /* MatterError.mm */ = {isa = PBXFileReference; lastKnownFileType = sourcecode.cpp.objcpp; path = MatterError.mm; sourceTree = "<group>"; };
/* End PBXFileReference section */

/* Begin PBXFrameworksBuildPhase section */
		3CCB871A2869085400771BAD /* Frameworks */ = {
			isa = PBXFrameworksBuildPhase;
			buildActionMask = 2147483647;
			files = (
				3CCB8737286A555500771BAD /* libTvCastingCommon.a in Frameworks */,
			);
			runOnlyForDeploymentPostprocessing = 0;
		};
/* End PBXFrameworksBuildPhase section */

/* Begin PBXGroup section */
		395241F42B854EA700F7DB91 /* zap-generated */ = {
			isa = PBXGroup;
			children = (
				39BF57C42B8CFF790081653C /* MCAttributeObjects.h */,
				39BF57C62B8CFFB90081653C /* MCAttributeObjects.mm */,
				39BF57CC2B8FC0EF0081653C /* MCClusterObjects.h */,
				39BF57CE2B8FC1030081653C /* MCClusterObjects.mm */,
				39589F152B91556B00BE040C /* MCInteractionModelStructs.h */,
				39589F172B91557700BE040C /* MCInteractionModelStructs.mm */,
				39D4D24F2B97942D00BF3CFE /* MCCommandObjects.h */,
				39D4D2512B97943D00BF3CFE /* MCCommandObjects.mm */,
				39DB29E82B9A3B1D0071334A /* MCCommandPayloads.h */,
				39DB29EA2B9A3B2D0071334A /* MCCommandPayloads.mm */,
				399049A62B9FC4ED000C91F0 /* MCCommandPayloads_Internal.h */,
				3C4F521F2B507C4A00BB8A10 /* MCEndpointClusterType.h */,
			);
			path = "zap-generated";
			sourceTree = "<group>";
		};
		3C996C282BD3287D0027BD8A /* compat-shim */ = {
			isa = PBXGroup;
			children = (
				3CCB873A286A593700771BAD /* CastingServerBridge.h */,
				3CCB873D286A593700771BAD /* CastingServerBridge.mm */,
				3C996C252BD31FD60027BD8A /* DataSourceCompat.h */,
				3C996C262BD31FEA0027BD8A /* DataSourceCompat.mm */,
				3C996C292BD6F4800027BD8A /* CastingPlayerDiscoveryListenerCompat.h */,
				3C996C2A2BD6F4950027BD8A /* CastingPlayerDiscoveryListenerCompat.mm */,
				3C66FBFA2903279A00B63FE7 /* AppParameters.h */,
				3C66FBFB290327BB00B63FE7 /* AppParameters.mm */,
				3CCB873B286A593700771BAD /* DiscoveredNodeData.h */,
				3CCB8739286A593700771BAD /* DiscoveredNodeData.mm */,
				3C4AE64E286A7D40005B52A4 /* OnboardingPayload.h */,
				3C4AE64F286A7D4D005B52A4 /* OnboardingPayload.m */,
				3C81C74E28F7A7AE001CB9D1 /* ContentApp.h */,
				3C81C74B28F7A777001CB9D1 /* ContentApp.mm */,
				3C81C75128F7A7DF001CB9D1 /* VideoPlayer.h */,
				3C81C74F28F7A7D3001CB9D1 /* VideoPlayer.m */,
				3C4E53B428E5593700F293E8 /* ContentLauncherTypes.h */,
				3C4E53B528E5595A00F293E8 /* ContentLauncherTypes.mm */,
				3CA1CA7728E243750023ED44 /* MediaPlaybackTypes.h */,
				3C4E53AF28E4F28100F293E8 /* MediaPlaybackTypes.mm */,
				3C4E53B328E5185F00F293E8 /* TargetNavigatorTypes.h */,
				3C4E53B128E5184C00F293E8 /* TargetNavigatorTypes.mm */,
				3C26AC91292700AD00BA6881 /* DeviceAttestationCredentialsHolder.h */,
				3C26AC9229282B8100BA6881 /* DeviceAttestationCredentialsHolder.m */,
				3CE5ECCD2A673B30007CF331 /* CommissioningCallbackHandlers.h */,
				3CE5ECCF2A673E2C007CF331 /* CommissioningCallbackHandlers.m */,
			);
			path = "compat-shim";
			sourceTree = "<group>";
		};
		3CCB87132869085400771BAD = {
			isa = PBXGroup;
			children = (
				3CCB871F2869085400771BAD /* MatterTvCastingBridge */,
				3CCB8735286A555500771BAD /* libTvCastingCommon.a */,
				3CCB871E2869085400771BAD /* Products */,
			);
			sourceTree = "<group>";
		};
		3CCB871E2869085400771BAD /* Products */ = {
			isa = PBXGroup;
			children = (
				3CCB871D2869085400771BAD /* MatterTvCastingBridge.framework */,
			);
			name = Products;
			sourceTree = "<group>";
		};
		3CCB871F2869085400771BAD /* MatterTvCastingBridge */ = {
			isa = PBXGroup;
			children = (
				3C996C282BD3287D0027BD8A /* compat-shim */,
				395241F42B854EA700F7DB91 /* zap-generated */,
				3CCB87202869085400771BAD /* MatterTvCastingBridge.h */,
				3CF71C092A992D0D003A5CE5 /* MCCastingApp.h */,
				397099D82C2255FE00B34428 /* MCCastingApp_Internal.h */,
				3CF71C0B2A992D25003A5CE5 /* MCCastingApp.mm */,
				3C2346222B362B9500FA276E /* MCCastingPlayerDiscovery.h */,
				3C2346242B362BBB00FA276E /* MCCastingPlayerDiscovery.mm */,
				3C2346202B362B4F00FA276E /* MCCastingPlayer.h */,
				3C4F521B2B4F4B1B00BB8A10 /* MCCastingPlayer_Internal.h */,
				3C9437882B364F5E0096E5F4 /* MCCastingPlayer.mm */,
				3C4F520F2B4E18C800BB8A10 /* MCEndpoint.h */,
				3C4F521D2B4F4B3B00BB8A10 /* MCEndpoint_Internal.h */,
				3C4F52112B4E18ED00BB8A10 /* MCEndpoint.mm */,
				3C4F52212B507C9300BB8A10 /* MCCluster.h */,
				3C4F52252B50899700BB8A10 /* MCCluster_Internal.h */,
				3C4F52232B507CA800BB8A10 /* MCCluster.mm */,
				3C4F52272B51DB3000BB8A10 /* MCCommand.h */,
				3C4F52292B51DFAE00BB8A10 /* MCCommand_Internal.h */,
				3C4F522B2B51E02800BB8A10 /* MCCommand.mm */,
				3C621CA42B605A6A005CDBA3 /* MCAttribute.h */,
				3C621CA82B605C52005CDBA3 /* MCAttribute_Internal.h */,
				3C621CAA2B605C6E005CDBA3 /* MCAttribute.mm */,
				3C4F52132B4F31DC00BB8A10 /* MCDeviceTypeStruct.h */,
				3C4F52152B4F31FA00BB8A10 /* MCDeviceTypeStruct.m */,
				3C0474052B3F7E5F0012AE95 /* MCEndpointFilter.h */,
				399BCE1D2C13CBAD0075AA85 /* MCTargetAppInfo.h */,
				395BF6AE2C18EC7C00C73CE2 /* MCTargetAppInfo.mm */,
				39F589E12C179A09000AAADD /* MCConnectionCallbacks.h */,
				39F589E32C179A18000AAADD /* MCConnectionCallbacks.mm */,
				39F589DD2C1781C8000AAADD /* MCCommissionerDeclaration.h */,
				3938C1EC2C1A1C8D009B2B35 /* MCCommissionerDeclaration_Internal.h */,
				39F589DF2C1781E4000AAADD /* MCCommissionerDeclaration.mm */,
				39F589D92C176EA4000AAADD /* MCIdentificationDeclarationOptions.h */,
				393039D42C1CF3C500DE8681 /* MCIdentificationDeclarationOptions_Internal.h */,
				39F589DB2C176EC0000AAADD /* MCIdentificationDeclarationOptions.mm */,
				3C2696FA2B4A5FC50026E771 /* MCEndpointFilter.m */,
				3CF71C0D2A992DA2003A5CE5 /* MCDataSource.h */,
				3CF71C0F2A99312D003A5CE5 /* MCCommissionableData.h */,
				3CF71C112A993298003A5CE5 /* MCCommissionableData.mm */,
				3CD73F1B2A9E8396009D82D1 /* MCCommissionableDataProvider.h */,
				3CD73F1D2A9E83C1009D82D1 /* MCCommissionableDataProvider.mm */,
				3CD73F162A9E6884009D82D1 /* MCRotatingDeviceIdUniqueIdProvider.h */,
				3CD73F182A9E68A7009D82D1 /* MCRotatingDeviceIdUniqueIdProvider.mm */,
				3CD73F1F2A9EA060009D82D1 /* MCDeviceAttestationCredentials.h */,
				3CD73F212A9EA077009D82D1 /* MCDeviceAttestationCredentials.mm */,
				3C6920452AA1093300D0F613 /* MCDeviceAttestationCredentialsProvider.h */,
				3C6920472AA1094000D0F613 /* MCDeviceAttestationCredentialsProvider.mm */,
				3C69204B2AA136BA00D0F613 /* MCCommonCaseDeviceServerInitParamsProvider.h */,
				3CF8532528E37ED800F07B9F /* MatterError.h */,
				3CF8532628E37F1000F07B9F /* MatterError.mm */,
				3C9437912B3B478E0096E5F4 /* MCErrorUtils.h */,
				3C9437932B3B47A10096E5F4 /* MCErrorUtils.mm */,
				3C04740B2B4604CF0012AE95 /* MCCryptoUtils.h */,
				3C04740D2B4605B40012AE95 /* MCCryptoUtils.mm */,
				39BF57CA2B8E54F80081653C /* NSDataSpanConversion.h */,
				39BF57C82B8D66540081653C /* NSStringSpanConversion.h */,
			);
			path = MatterTvCastingBridge;
			sourceTree = "<group>";
		};
/* End PBXGroup section */

/* Begin PBXHeadersBuildPhase section */
		3CCB87182869085400771BAD /* Headers */ = {
			isa = PBXHeadersBuildPhase;
			buildActionMask = 2147483647;
			files = (
				3C69204C2AA136BA00D0F613 /* MCCommonCaseDeviceServerInitParamsProvider.h in Headers */,
				3C2346212B362B4F00FA276E /* MCCastingPlayer.h in Headers */,
				3C2346232B362B9500FA276E /* MCCastingPlayerDiscovery.h in Headers */,
				3CF71C0E2A992DA2003A5CE5 /* MCDataSource.h in Headers */,
				3938C1ED2C1A1C8D009B2B35 /* MCCommissionerDeclaration_Internal.h in Headers */,
				3C4F52142B4F31DC00BB8A10 /* MCDeviceTypeStruct.h in Headers */,
				39BF57CD2B8FC0EF0081653C /* MCClusterObjects.h in Headers */,
				39D4D2502B97942D00BF3CFE /* MCCommandObjects.h in Headers */,
				3C621CA52B605A6A005CDBA3 /* MCAttribute.h in Headers */,
				397099D92C2255FE00B34428 /* MCCastingApp_Internal.h in Headers */,
				3CD73F1C2A9E8396009D82D1 /* MCCommissionableDataProvider.h in Headers */,
				3C4F521E2B4F4B3B00BB8A10 /* MCEndpoint_Internal.h in Headers */,
				39BF57C92B8D66540081653C /* NSStringSpanConversion.h in Headers */,
				399BCE1E2C13CBAD0075AA85 /* MCTargetAppInfo.h in Headers */,
				39DB29E92B9A3B1D0071334A /* MCCommandPayloads.h in Headers */,
				39F589DE2C1781C8000AAADD /* MCCommissionerDeclaration.h in Headers */,
				3C4F52262B50899700BB8A10 /* MCCluster_Internal.h in Headers */,
				39F589DA2C176EA4000AAADD /* MCIdentificationDeclarationOptions.h in Headers */,
				3CF71C0A2A992D0D003A5CE5 /* MCCastingApp.h in Headers */,
				3C4F521C2B4F4B1B00BB8A10 /* MCCastingPlayer_Internal.h in Headers */,
				3CD73F172A9E6884009D82D1 /* MCRotatingDeviceIdUniqueIdProvider.h in Headers */,
				3C4F52102B4E18C800BB8A10 /* MCEndpoint.h in Headers */,
				393039D52C1CF3C500DE8681 /* MCIdentificationDeclarationOptions_Internal.h in Headers */,
				3C4F52282B51DB3000BB8A10 /* MCCommand.h in Headers */,
				39BF57CB2B8E54F80081653C /* NSDataSpanConversion.h in Headers */,
				3C621CA92B605C52005CDBA3 /* MCAttribute_Internal.h in Headers */,
				3CF71C102A99312D003A5CE5 /* MCCommissionableData.h in Headers */,
				3C4F522A2B51DFAE00BB8A10 /* MCCommand_Internal.h in Headers */,
				3CD73F202A9EA060009D82D1 /* MCDeviceAttestationCredentials.h in Headers */,
				3CCB8740286A593700771BAD /* CastingServerBridge.h in Headers */,
				3CE5ECCE2A673B30007CF331 /* CommissioningCallbackHandlers.h in Headers */,
				39589F162B91556B00BE040C /* MCInteractionModelStructs.h in Headers */,
				3C9437922B3B478E0096E5F4 /* MCErrorUtils.h in Headers */,
				3C4F52222B507C9300BB8A10 /* MCCluster.h in Headers */,
				39F589E22C179A09000AAADD /* MCConnectionCallbacks.h in Headers */,
				3CCB8741286A593700771BAD /* DiscoveredNodeData.h in Headers */,
				3C0474062B3F7E5F0012AE95 /* MCEndpointFilter.h in Headers */,
				3CCB87212869085400771BAD /* MatterTvCastingBridge.h in Headers */,
				3C4F52202B507C4A00BB8A10 /* MCEndpointClusterType.h in Headers */,
				3C6920462AA1093300D0F613 /* MCDeviceAttestationCredentialsProvider.h in Headers */,
				39BF57C52B8CFF790081653C /* MCAttributeObjects.h in Headers */,
				3C04740C2B4604CF0012AE95 /* MCCryptoUtils.h in Headers */,
			);
			runOnlyForDeploymentPostprocessing = 0;
		};
/* End PBXHeadersBuildPhase section */

/* Begin PBXNativeTarget section */
		3CCB871C2869085400771BAD /* MatterTvCastingBridge */ = {
			isa = PBXNativeTarget;
			buildConfigurationList = 3CCB87242869085400771BAD /* Build configuration list for PBXNativeTarget "MatterTvCastingBridge" */;
			buildPhases = (
				3CCB872E286A502100771BAD /* ShellScript */,
				3CCB87182869085400771BAD /* Headers */,
				3CCB87192869085400771BAD /* Sources */,
				02DECDA929B2BD3400D27C39 /* ShellScript */,
				3CCB871A2869085400771BAD /* Frameworks */,
			);
			buildRules = (
			);
			dependencies = (
			);
			name = MatterTvCastingBridge;
			productName = MatterTvCastingBridge;
			productReference = 3CCB871D2869085400771BAD /* MatterTvCastingBridge.framework */;
			productType = "com.apple.product-type.framework";
		};
/* End PBXNativeTarget section */

/* Begin PBXProject section */
		3CCB87142869085400771BAD /* Project object */ = {
			isa = PBXProject;
			attributes = {
				BuildIndependentTargetsInParallel = 1;
				LastUpgradeCheck = 1340;
				TargetAttributes = {
					3CCB871C2869085400771BAD = {
						CreatedOnToolsVersion = 13.4.1;
					};
				};
			};
			buildConfigurationList = 3CCB87172869085400771BAD /* Build configuration list for PBXProject "MatterTvCastingBridge" */;
			compatibilityVersion = "Xcode 13.0";
			developmentRegion = en;
			hasScannedForEncodings = 0;
			knownRegions = (
				en,
				Base,
			);
			mainGroup = 3CCB87132869085400771BAD;
			productRefGroup = 3CCB871E2869085400771BAD /* Products */;
			projectDirPath = "";
			projectRoot = "";
			targets = (
				3CCB871C2869085400771BAD /* MatterTvCastingBridge */,
			);
		};
/* End PBXProject section */

/* Begin PBXShellScriptBuildPhase section */
		02DECDA929B2BD3400D27C39 /* ShellScript */ = {
			isa = PBXShellScriptBuildPhase;
			buildActionMask = 2147483647;
			files = (
			);
			inputFileListPaths = (
			);
			inputPaths = (
			);
			outputFileListPaths = (
			);
			outputPaths = (
			);
			runOnlyForDeploymentPostprocessing = 0;
			shellPath = /bin/sh;
			shellScript = "./strip_debug_symbols.sh\n";
		};
		3CCB872E286A502100771BAD /* ShellScript */ = {
			isa = PBXShellScriptBuildPhase;
			buildActionMask = 2147483647;
			files = (
			);
			inputFileListPaths = (
			);
			inputPaths = (
			);
			outputFileListPaths = (
			);
			outputPaths = (
			);
			runOnlyForDeploymentPostprocessing = 0;
			shellPath = /bin/sh;
			shellScript = "./chip_xcode_build_connector.sh\n";
		};
/* End PBXShellScriptBuildPhase section */

/* Begin PBXSourcesBuildPhase section */
		3CCB87192869085400771BAD /* Sources */ = {
			isa = PBXSourcesBuildPhase;
			buildActionMask = 2147483647;
			files = (
				3CCB8743286A593700771BAD /* CastingServerBridge.mm in Sources */,
				3C4E53B228E5184C00F293E8 /* TargetNavigatorTypes.mm in Sources */,
				3C6920482AA1094000D0F613 /* MCDeviceAttestationCredentialsProvider.mm in Sources */,
				3CE5ECD02A673E2C007CF331 /* CommissioningCallbackHandlers.m in Sources */,
				39BF57CF2B8FC1030081653C /* MCClusterObjects.mm in Sources */,
				3CD73F192A9E68A7009D82D1 /* MCRotatingDeviceIdUniqueIdProvider.mm in Sources */,
				39589F182B91557700BE040C /* MCInteractionModelStructs.mm in Sources */,
				39F589DC2C176EC0000AAADD /* MCIdentificationDeclarationOptions.mm in Sources */,
				39DB29EB2B9A3B2D0071334A /* MCCommandPayloads.mm in Sources */,
				3CF8532728E37F1000F07B9F /* MatterError.mm in Sources */,
				3C4F522C2B51E02800BB8A10 /* MCCommand.mm in Sources */,
				395BF6AF2C18EC7C00C73CE2 /* MCTargetAppInfo.mm in Sources */,
				3C4E53B628E5595A00F293E8 /* ContentLauncherTypes.mm in Sources */,
				3C81C75028F7A7D3001CB9D1 /* VideoPlayer.m in Sources */,
				3CF71C0C2A992D25003A5CE5 /* MCCastingApp.mm in Sources */,
				3CC3979E2BE9857C00465462 /* MCCastingPlayer.mm in Sources */,
				3C621CAB2B605C6E005CDBA3 /* MCAttribute.mm in Sources */,
				39F589E42C179A18000AAADD /* MCConnectionCallbacks.mm in Sources */,
				3C4F52122B4E18ED00BB8A10 /* MCEndpoint.mm in Sources */,
				3C4E53B028E4F28100F293E8 /* MediaPlaybackTypes.mm in Sources */,
				3C04740E2B4605B40012AE95 /* MCCryptoUtils.mm in Sources */,
				3CD73F1E2A9E83C1009D82D1 /* MCCommissionableDataProvider.mm in Sources */,
				39F589E02C1781E4000AAADD /* MCCommissionerDeclaration.mm in Sources */,
				3CD73F222A9EA078009D82D1 /* MCDeviceAttestationCredentials.mm in Sources */,
				39BF57C72B8CFFB90081653C /* MCAttributeObjects.mm in Sources */,
				3C2346252B362BBB00FA276E /* MCCastingPlayerDiscovery.mm in Sources */,
				3C4F52242B507CA800BB8A10 /* MCCluster.mm in Sources */,
				3C66FBFC290327BB00B63FE7 /* AppParameters.mm in Sources */,
				3C9437942B3B47A10096E5F4 /* MCErrorUtils.mm in Sources */,
				3C26AC9329282B8100BA6881 /* DeviceAttestationCredentialsHolder.m in Sources */,
				3C996C272BD31FEA0027BD8A /* DataSourceCompat.mm in Sources */,
				3CCB873F286A593700771BAD /* DiscoveredNodeData.mm in Sources */,
				39D4D2522B97943D00BF3CFE /* MCCommandObjects.mm in Sources */,
				3C4F52162B4F31FA00BB8A10 /* MCDeviceTypeStruct.m in Sources */,
				3C2696FB2B4A5FC50026E771 /* MCEndpointFilter.m in Sources */,
				3C81C74C28F7A777001CB9D1 /* ContentApp.mm in Sources */,
				3C996C2B2BD6F4960027BD8A /* CastingPlayerDiscoveryListenerCompat.mm in Sources */,
				3CF71C122A993298003A5CE5 /* MCCommissionableData.mm in Sources */,
				3C4AE650286A7D4D005B52A4 /* OnboardingPayload.m in Sources */,
			);
			runOnlyForDeploymentPostprocessing = 0;
		};
/* End PBXSourcesBuildPhase section */

/* Begin XCBuildConfiguration section */
		3CCB87222869085400771BAD /* Debug */ = {
			isa = XCBuildConfiguration;
			buildSettings = {
				ALWAYS_SEARCH_USER_PATHS = NO;
				CLANG_ANALYZER_NONNULL = YES;
				CLANG_ANALYZER_NUMBER_OBJECT_CONVERSION = YES_AGGRESSIVE;
				CLANG_CXX_LANGUAGE_STANDARD = "gnu++17";
				CLANG_ENABLE_MODULES = YES;
				CLANG_ENABLE_OBJC_ARC = YES;
				CLANG_ENABLE_OBJC_WEAK = YES;
				CLANG_WARN_BLOCK_CAPTURE_AUTORELEASING = YES;
				CLANG_WARN_BOOL_CONVERSION = YES;
				CLANG_WARN_COMMA = YES;
				CLANG_WARN_CONSTANT_CONVERSION = YES;
				CLANG_WARN_DEPRECATED_OBJC_IMPLEMENTATIONS = YES;
				CLANG_WARN_DIRECT_OBJC_ISA_USAGE = YES_ERROR;
				CLANG_WARN_DOCUMENTATION_COMMENTS = YES;
				CLANG_WARN_EMPTY_BODY = YES;
				CLANG_WARN_ENUM_CONVERSION = YES;
				CLANG_WARN_INFINITE_RECURSION = YES;
				CLANG_WARN_INT_CONVERSION = YES;
				CLANG_WARN_NON_LITERAL_NULL_CONVERSION = YES;
				CLANG_WARN_OBJC_IMPLICIT_RETAIN_SELF = YES;
				CLANG_WARN_OBJC_LITERAL_CONVERSION = YES;
				CLANG_WARN_OBJC_ROOT_CLASS = YES_ERROR;
				CLANG_WARN_QUOTED_INCLUDE_IN_FRAMEWORK_HEADER = YES;
				CLANG_WARN_RANGE_LOOP_ANALYSIS = YES;
				CLANG_WARN_STRICT_PROTOTYPES = YES;
				CLANG_WARN_SUSPICIOUS_MOVE = YES;
				CLANG_WARN_UNGUARDED_AVAILABILITY = YES_AGGRESSIVE;
				CLANG_WARN_UNREACHABLE_CODE = YES;
				CLANG_WARN__DUPLICATE_METHOD_MATCH = YES;
				COPY_PHASE_STRIP = YES;
				CURRENT_PROJECT_VERSION = 1;
				DEBUG_INFORMATION_FORMAT = dwarf;
				ENABLE_STRICT_OBJC_MSGSEND = YES;
				ENABLE_TESTABILITY = YES;
				GCC_C_LANGUAGE_STANDARD = gnu11;
				GCC_DYNAMIC_NO_PIC = NO;
				GCC_NO_COMMON_BLOCKS = YES;
				GCC_OPTIMIZATION_LEVEL = 0;
				GCC_PREPROCESSOR_DEFINITIONS = (
					"DEBUG=1",
					"$(inherited)",
				);
				GCC_WARN_64_TO_32_BIT_CONVERSION = YES;
				GCC_WARN_ABOUT_RETURN_TYPE = YES_ERROR;
				GCC_WARN_UNDECLARED_SELECTOR = YES;
				GCC_WARN_UNINITIALIZED_AUTOS = YES_AGGRESSIVE;
				GCC_WARN_UNUSED_FUNCTION = YES;
				GCC_WARN_UNUSED_VARIABLE = YES;
				IPHONEOS_DEPLOYMENT_TARGET = 15.5;
				MTL_ENABLE_DEBUG_INFO = INCLUDE_SOURCE;
				MTL_FAST_MATH = YES;
				ONLY_ACTIVE_ARCH = YES;
				SDKROOT = iphoneos;
				SWIFT_ACTIVE_COMPILATION_CONDITIONS = DEBUG;
				SWIFT_OPTIMIZATION_LEVEL = "-Onone";
				VERSIONING_SYSTEM = "apple-generic";
				VERSION_INFO_PREFIX = "";
			};
			name = Debug;
		};
		3CCB87232869085400771BAD /* Release */ = {
			isa = XCBuildConfiguration;
			buildSettings = {
				ALWAYS_SEARCH_USER_PATHS = NO;
				CLANG_ANALYZER_NONNULL = YES;
				CLANG_ANALYZER_NUMBER_OBJECT_CONVERSION = YES_AGGRESSIVE;
				CLANG_CXX_LANGUAGE_STANDARD = "gnu++17";
				CLANG_ENABLE_MODULES = YES;
				CLANG_ENABLE_OBJC_ARC = YES;
				CLANG_ENABLE_OBJC_WEAK = YES;
				CLANG_WARN_BLOCK_CAPTURE_AUTORELEASING = YES;
				CLANG_WARN_BOOL_CONVERSION = YES;
				CLANG_WARN_COMMA = YES;
				CLANG_WARN_CONSTANT_CONVERSION = YES;
				CLANG_WARN_DEPRECATED_OBJC_IMPLEMENTATIONS = YES;
				CLANG_WARN_DIRECT_OBJC_ISA_USAGE = YES_ERROR;
				CLANG_WARN_DOCUMENTATION_COMMENTS = YES;
				CLANG_WARN_EMPTY_BODY = YES;
				CLANG_WARN_ENUM_CONVERSION = YES;
				CLANG_WARN_INFINITE_RECURSION = YES;
				CLANG_WARN_INT_CONVERSION = YES;
				CLANG_WARN_NON_LITERAL_NULL_CONVERSION = YES;
				CLANG_WARN_OBJC_IMPLICIT_RETAIN_SELF = YES;
				CLANG_WARN_OBJC_LITERAL_CONVERSION = YES;
				CLANG_WARN_OBJC_ROOT_CLASS = YES_ERROR;
				CLANG_WARN_QUOTED_INCLUDE_IN_FRAMEWORK_HEADER = YES;
				CLANG_WARN_RANGE_LOOP_ANALYSIS = YES;
				CLANG_WARN_STRICT_PROTOTYPES = YES;
				CLANG_WARN_SUSPICIOUS_MOVE = YES;
				CLANG_WARN_UNGUARDED_AVAILABILITY = YES_AGGRESSIVE;
				CLANG_WARN_UNREACHABLE_CODE = YES;
				CLANG_WARN__DUPLICATE_METHOD_MATCH = YES;
				COPY_PHASE_STRIP = YES;
				CURRENT_PROJECT_VERSION = 1;
				DEBUG_INFORMATION_FORMAT = "dwarf-with-dsym";
				ENABLE_NS_ASSERTIONS = NO;
				ENABLE_STRICT_OBJC_MSGSEND = YES;
				GCC_C_LANGUAGE_STANDARD = gnu11;
				GCC_NO_COMMON_BLOCKS = YES;
				GCC_OPTIMIZATION_LEVEL = z;
				GCC_WARN_64_TO_32_BIT_CONVERSION = YES;
				GCC_WARN_ABOUT_RETURN_TYPE = YES_ERROR;
				GCC_WARN_UNDECLARED_SELECTOR = YES;
				GCC_WARN_UNINITIALIZED_AUTOS = YES_AGGRESSIVE;
				GCC_WARN_UNUSED_FUNCTION = YES;
				GCC_WARN_UNUSED_VARIABLE = YES;
				IPHONEOS_DEPLOYMENT_TARGET = 15.5;
				MTL_ENABLE_DEBUG_INFO = NO;
				MTL_FAST_MATH = YES;
				SDKROOT = iphoneos;
				SWIFT_COMPILATION_MODE = wholemodule;
				SWIFT_OPTIMIZATION_LEVEL = "-O";
				VALIDATE_PRODUCT = YES;
				VERSIONING_SYSTEM = "apple-generic";
				VERSION_INFO_PREFIX = "";
			};
			name = Release;
		};
		3CCB87252869085400771BAD /* Debug */ = {
			isa = XCBuildConfiguration;
			buildSettings = {
				"ARCHS[sdk=iphonesimulator*]" = (
					arm64,
					x86_64,
				);
				CHIP_ROOT = "$(PROJECT_DIR)/../../../..";
				CODE_SIGN_STYLE = Automatic;
				COPY_PHASE_STRIP = NO;
				CURRENT_PROJECT_VERSION = 1;
				DEFINES_MODULE = YES;
				DYLIB_COMPATIBILITY_VERSION = 1;
				DYLIB_CURRENT_VERSION = 1;
				DYLIB_INSTALL_NAME_BASE = "@rpath";
				GCC_PREPROCESSOR_DEFINITIONS = (
					CHIP_HAVE_CONFIG_H,
					"CHIP_ADDRESS_RESOLVE_IMPL_INCLUDE_HEADER=<lib/address_resolve/AddressResolve_DefaultImpl.h>",
					"CHIP_CONFIG_KVS_PATH=\"chip_casting_kvs\"",
					"DEBUG=1",
					"$(inherited)",
				);
				GENERATE_INFOPLIST_FILE = YES;
				HEADER_SEARCH_PATHS = (
					"${CHIP_ROOT}/examples/tv-casting-app/tv-casting-common/include",
					"${CHIP_ROOT}/examples/tv-casting-app/tv-casting-common",
					"$(CHIP_ROOT)/src",
					"$(CHIP_ROOT)/src/include",
					"$(CHIP_ROOT)/src/lib",
					"$(CHIP_ROOT)/src/app",
					"$(CHIP_ROOT)/config/ios",
					"$(CHIP_ROOT)/src/app/util",
					"$(CHIP_ROOT)/third_party/nlassert/repo/include",
					"$(CHIP_ROOT)/third_party/nlio/repo/include",
					"$(TEMP_DIR)/out/gen/include",
					"$(CHIP_ROOT)/zzz_generated/app-common",
				);
				INFOPLIST_KEY_NSHumanReadableCopyright = "";
				INSTALL_PATH = "$(LOCAL_LIBRARY_DIR)/Frameworks";
				IPHONEOS_DEPLOYMENT_TARGET = 15.0;
				LD_RUNPATH_SEARCH_PATHS = (
					"$(inherited)",
					"@executable_path/Frameworks",
					"@loader_path/Frameworks",
				);
				LIBRARY_SEARCH_PATHS = (
					"$(TEMP_DIR)/out/lib",
					"$(PROJECT_DIR)",
				);
				MARKETING_VERSION = 1.0;
				ONLY_ACTIVE_ARCH = YES;
				OTHER_CFLAGS = (
					"-Wformat",
					"-Wformat-nonliteral",
					"-Wformat-security",
				);
				"OTHER_LDFLAGS[arch=*]" = (
					"-framework",
					CoreData,
					"-framework",
					Foundation,
					"-framework",
					CoreBluetooth,
					"-lnetwork",
					"-Wl,-unexported_symbol,\"__Z*\"",
				);
				"OTHER_LDFLAGS[sdk=macosx*]" = (
					"-framework",
					IOKit,
					"-lnetwork",
					"-framework",
					CoreBluetooth,
					"-framework",
					CoreData,
					"-Wl,-unexported_symbol,\"__Z*\"",
				);
				PRODUCT_BUNDLE_IDENTIFIER = com.matter.MatterTvCastingBridge;
				PRODUCT_NAME = "$(TARGET_NAME:c99extidentifier)";
				SKIP_INSTALL = YES;
				STRIP_INSTALLED_PRODUCT = NO;
				SWIFT_EMIT_LOC_STRINGS = YES;
				SWIFT_VERSION = 5.0;
				TARGETED_DEVICE_FAMILY = "1,2";
			};
			name = Debug;
		};
		3CCB87262869085400771BAD /* Release */ = {
			isa = XCBuildConfiguration;
			buildSettings = {
				CHIP_ROOT = "$(PROJECT_DIR)/../../../..";
				CODE_SIGN_STYLE = Automatic;
				COPY_PHASE_STRIP = YES;
				CURRENT_PROJECT_VERSION = 1;
				DEFINES_MODULE = YES;
				DYLIB_COMPATIBILITY_VERSION = 1;
				DYLIB_CURRENT_VERSION = 1;
				DYLIB_INSTALL_NAME_BASE = "@rpath";
				GCC_PREPROCESSOR_DEFINITIONS = (
					CHIP_HAVE_CONFIG_H,
					"CHIP_ADDRESS_RESOLVE_IMPL_INCLUDE_HEADER=<lib/address_resolve/AddressResolve_DefaultImpl.h>",
					"CHIP_CONFIG_KVS_PATH=\"chip_casting_kvs\"",
					"$(inherited)",
				);
				GENERATE_INFOPLIST_FILE = YES;
				HEADER_SEARCH_PATHS = (
					"${CHIP_ROOT}/examples/tv-casting-app/tv-casting-common/include",
					"${CHIP_ROOT}/examples/tv-casting-app/tv-casting-common",
					"$(CHIP_ROOT)/src",
					"$(CHIP_ROOT)/src/include",
					"$(CHIP_ROOT)/src/lib",
					"$(CHIP_ROOT)/src/app",
					"$(CHIP_ROOT)/config/ios",
					"$(CHIP_ROOT)/src/app/util",
					"$(CHIP_ROOT)/third_party/nlassert/repo/include",
					"$(CHIP_ROOT)/third_party/nlio/repo/include",
					"$(TEMP_DIR)/out/gen/include",
					"$(CHIP_ROOT)/zzz_generated/app-common",
				);
				INFOPLIST_KEY_NSHumanReadableCopyright = "";
				INSTALL_PATH = "$(LOCAL_LIBRARY_DIR)/Frameworks";
				IPHONEOS_DEPLOYMENT_TARGET = 15.0;
				LD_RUNPATH_SEARCH_PATHS = (
					"$(inherited)",
					"@executable_path/Frameworks",
					"@loader_path/Frameworks",
				);
				LIBRARY_SEARCH_PATHS = (
					"$(TEMP_DIR)/out/lib",
					"$(PROJECT_DIR)",
				);
				MARKETING_VERSION = 1.0;
				ONLY_ACTIVE_ARCH = YES;
				OTHER_CFLAGS = (
					"-Wformat",
					"-Wformat-nonliteral",
					"-Wformat-security",
				);
				"OTHER_LDFLAGS[arch=*]" = (
					"-framework",
					CoreData,
					"-framework",
					Foundation,
					"-framework",
					CoreBluetooth,
					"-lnetwork",
					"-Wl,-unexported_symbol,\"__Z*\"",
				);
				"OTHER_LDFLAGS[sdk=macosx*]" = (
					"-framework",
					IOKit,
					"-lnetwork",
					"-framework",
					CoreBluetooth,
					"-framework",
					CoreData,
					"-Wl,-unexported_symbol,\"__Z*\"",
				);
				PRODUCT_BUNDLE_IDENTIFIER = com.matter.MatterTvCastingBridge;
				PRODUCT_NAME = "$(TARGET_NAME:c99extidentifier)";
				SKIP_INSTALL = YES;
				SWIFT_EMIT_LOC_STRINGS = YES;
				SWIFT_VERSION = 5.0;
				TARGETED_DEVICE_FAMILY = "1,2";
			};
			name = Release;
		};
/* End XCBuildConfiguration section */

/* Begin XCConfigurationList section */
		3CCB87172869085400771BAD /* Build configuration list for PBXProject "MatterTvCastingBridge" */ = {
			isa = XCConfigurationList;
			buildConfigurations = (
				3CCB87222869085400771BAD /* Debug */,
				3CCB87232869085400771BAD /* Release */,
			);
			defaultConfigurationIsVisible = 0;
			defaultConfigurationName = Release;
		};
		3CCB87242869085400771BAD /* Build configuration list for PBXNativeTarget "MatterTvCastingBridge" */ = {
			isa = XCConfigurationList;
			buildConfigurations = (
				3CCB87252869085400771BAD /* Debug */,
				3CCB87262869085400771BAD /* Release */,
			);
			defaultConfigurationIsVisible = 0;
			defaultConfigurationName = Release;
		};
/* End XCConfigurationList section */
	};
	rootObject = 3CCB87142869085400771BAD /* Project object */;
}
